
Microsoft Visual Studio Solution File, Format Version 12.00
# Visual Studio Version 17
VisualStudioVersion = 17.10.35122.118
MinimumVisualStudioVersion = 10.0.40219.1
Project("{FAE04EC0-301F-11D3-BF4B-00C04F79EFBC}") = "Pustinja2D", "Pustinja2D.csproj", "{AB668130-191A-4E5E-B68A-63219D091321}"
EndProject
Global
	GlobalSection(SolutionConfigurationPlatforms) = preSolution
		Debug|Any CPU = Debug|Any CPU
		Release|Any CPU = Release|Any CPU
	EndGlobalSection
	GlobalSection(ProjectConfigurationPlatforms) = postSolution
		{AB668130-191A-4E5E-B68A-63219D091321}.Debug|Any CPU.ActiveCfg = Debug|Any CPU
		{AB668130-191A-4E5E-B68A-63219D091321}.Debug|Any CPU.Build.0 = Debug|Any CPU
		{AB668130-191A-4E5E-B68A-63219D091321}.Release|Any CPU.ActiveCfg = Release|Any CPU
		{AB668130-191A-4E5E-B68A-63219D091321}.Release|Any CPU.Build.0 = Release|Any CPU
	EndGlobalSection
	GlobalSection(SolutionProperties) = preSolution
		HideSolutionNode = FALSE
	EndGlobalSection
	GlobalSection(ExtensibilityGlobals) = postSolution
		SolutionGuid = {1B4A89E8-DE33-4A30-B556-75211AFCA8FC}
	EndGlobalSection
EndGlobal
